// !$*UTF8*$!
{
	archiveVersion = 1;
	classes = {
	};
	objectVersion = 56;
	objects = {

/* Begin PBXBuildFile section */
		6D3CDFDB29EC04F4003AAA2B /* Controller.swift in Sources */ = {isa = PBXBuildFile; fileRef = 6D3CDFDA29EC04F4003AAA2B /* Controller.swift */; };
		6DDBCA8129DBB5C900E03A27 /* HW9App.swift in Sources */ = {isa = PBXBuildFile; fileRef = 6DDBCA8029DBB5C900E03A27 /* HW9App.swift */; };
		6DDBCA8329DBB5C900E03A27 /* ContentView.swift in Sources */ = {isa = PBXBuildFile; fileRef = 6DDBCA8229DBB5C900E03A27 /* ContentView.swift */; };
		6DDBCA8529DBB5CA00E03A27 /* Assets.xcassets in Resources */ = {isa = PBXBuildFile; fileRef = 6DDBCA8429DBB5CA00E03A27 /* Assets.xcassets */; };
		6DDBCA8929DBB5CA00E03A27 /* Preview Assets.xcassets in Resources */ = {isa = PBXBuildFile; fileRef = 6DDBCA8829DBB5CA00E03A27 /* Preview Assets.xcassets */; };
		6DDBCA9329DBB5CA00E03A27 /* HW9Tests.swift in Sources */ = {isa = PBXBuildFile; fileRef = 6DDBCA9229DBB5CA00E03A27 /* HW9Tests.swift */; };
		6DDBCA9D29DBB5CA00E03A27 /* HW9UITests.swift in Sources */ = {isa = PBXBuildFile; fileRef = 6DDBCA9C29DBB5CA00E03A27 /* HW9UITests.swift */; };
		6DDBCA9F29DBB5CA00E03A27 /* HW9UITestsLaunchTests.swift in Sources */ = {isa = PBXBuildFile; fileRef = 6DDBCA9E29DBB5CA00E03A27 /* HW9UITestsLaunchTests.swift */; };
		6DDBCAAC29DBBA2900E03A27 /* infoEnter.swift in Sources */ = {isa = PBXBuildFile; fileRef = 6DDBCAAB29DBBA2900E03A27 /* infoEnter.swift */; };
/* End PBXBuildFile section */

/* Begin PBXContainerItemProxy section */
		6DDBCA8F29DBB5CA00E03A27 /* PBXContainerItemProxy */ = {
			isa = PBXContainerItemProxy;
			containerPortal = 6DDBCA7529DBB5C900E03A27 /* Project object */;
			proxyType = 1;
			remoteGlobalIDString = 6DDBCA7C29DBB5C900E03A27;
			remoteInfo = HW9;
		};
		6DDBCA9929DBB5CA00E03A27 /* PBXContainerItemProxy */ = {
			isa = PBXContainerItemProxy;
			containerPortal = 6DDBCA7529DBB5C900E03A27 /* Project object */;
			proxyType = 1;
			remoteGlobalIDString = 6DDBCA7C29DBB5C900E03A27;
			remoteInfo = HW9;
		};
/* End PBXContainerItemProxy section */

/* Begin PBXFileReference section */
		6D3CDFD929EB6C4E003AAA2B /* Info.plist */ = {isa = PBXFileReference; lastKnownFileType = text.plist; path = Info.plist; sourceTree = "<group>"; };
		6D3CDFDA29EC04F4003AAA2B /* Controller.swift */ = {isa = PBXFileReference; lastKnownFileType = sourcecode.swift; path = Controller.swift; sourceTree = "<group>"; };
		6DDBCA7D29DBB5C900E03A27 /* HW9.app */ = {isa = PBXFileReference; explicitFileType = wrapper.application; includeInIndex = 0; path = HW9.app; sourceTree = BUILT_PRODUCTS_DIR; };
		6DDBCA8029DBB5C900E03A27 /* HW9App.swift */ = {isa = PBXFileReference; lastKnownFileType = sourcecode.swift; path = HW9App.swift; sourceTree = "<group>"; };
		6DDBCA8229DBB5C900E03A27 /* ContentView.swift */ = {isa = PBXFileReference; lastKnownFileType = sourcecode.swift; path = ContentView.swift; sourceTree = "<group>"; };
		6DDBCA8429DBB5CA00E03A27 /* Assets.xcassets */ = {isa = PBXFileReference; lastKnownFileType = folder.assetcatalog; path = Assets.xcassets; sourceTree = "<group>"; };
		6DDBCA8629DBB5CA00E03A27 /* HW9.entitlements */ = {isa = PBXFileReference; lastKnownFileType = text.plist.entitlements; path = HW9.entitlements; sourceTree = "<group>"; };
		6DDBCA8829DBB5CA00E03A27 /* Preview Assets.xcassets */ = {isa = PBXFileReference; lastKnownFileType = folder.assetcatalog; path = "Preview Assets.xcassets"; sourceTree = "<group>"; };
		6DDBCA8E29DBB5CA00E03A27 /* HW9Tests.xctest */ = {isa = PBXFileReference; explicitFileType = wrapper.cfbundle; includeInIndex = 0; path = HW9Tests.xctest; sourceTree = BUILT_PRODUCTS_DIR; };
		6DDBCA9229DBB5CA00E03A27 /* HW9Tests.swift */ = {isa = PBXFileReference; lastKnownFileType = sourcecode.swift; path = HW9Tests.swift; sourceTree = "<group>"; };
		6DDBCA9829DBB5CA00E03A27 /* HW9UITests.xctest */ = {isa = PBXFileReference; explicitFileType = wrapper.cfbundle; includeInIndex = 0; path = HW9UITests.xctest; sourceTree = BUILT_PRODUCTS_DIR; };
		6DDBCA9C29DBB5CA00E03A27 /* HW9UITests.swift */ = {isa = PBXFileReference; lastKnownFileType = sourcecode.swift; path = HW9UITests.swift; sourceTree = "<group>"; };
		6DDBCA9E29DBB5CA00E03A27 /* HW9UITestsLaunchTests.swift */ = {isa = PBXFileReference; lastKnownFileType = sourcecode.swift; path = HW9UITestsLaunchTests.swift; sourceTree = "<group>"; };
		6DDBCAAB29DBBA2900E03A27 /* infoEnter.swift */ = {isa = PBXFileReference; lastKnownFileType = sourcecode.swift; path = infoEnter.swift; sourceTree = "<group>"; };
/* End PBXFileReference section */

/* Begin PBXFrameworksBuildPhase section */
		6DDBCA7A29DBB5C900E03A27 /* Frameworks */ = {
			isa = PBXFrameworksBuildPhase;
			buildActionMask = 2147483647;
			files = (
			);
			runOnlyForDeploymentPostprocessing = 0;
		};
		6DDBCA8B29DBB5CA00E03A27 /* Frameworks */ = {
			isa = PBXFrameworksBuildPhase;
			buildActionMask = 2147483647;
			files = (
			);
			runOnlyForDeploymentPostprocessing = 0;
		};
		6DDBCA9529DBB5CA00E03A27 /* Frameworks */ = {
			isa = PBXFrameworksBuildPhase;
			buildActionMask = 2147483647;
			files = (
			);
			runOnlyForDeploymentPostprocessing = 0;
		};
/* End PBXFrameworksBuildPhase section */

/* Begin PBXGroup section */
		6DDBCA7429DBB5C900E03A27 = {
			isa = PBXGroup;
			children = (
				6DDBCA7F29DBB5C900E03A27 /* HW9 */,
				6DDBCA9129DBB5CA00E03A27 /* HW9Tests */,
				6DDBCA9B29DBB5CA00E03A27 /* HW9UITests */,
				6DDBCA7E29DBB5C900E03A27 /* Products */,
			);
			sourceTree = "<group>";
		};
		6DDBCA7E29DBB5C900E03A27 /* Products */ = {
			isa = PBXGroup;
			children = (
				6DDBCA7D29DBB5C900E03A27 /* HW9.app */,
				6DDBCA8E29DBB5CA00E03A27 /* HW9Tests.xctest */,
				6DDBCA9829DBB5CA00E03A27 /* HW9UITests.xctest */,
			);
			name = Products;
			sourceTree = "<group>";
		};
		6DDBCA7F29DBB5C900E03A27 /* HW9 */ = {
			isa = PBXGroup;
			children = (
				6D3CDFD929EB6C4E003AAA2B /* Info.plist */,
				6DDBCA8029DBB5C900E03A27 /* HW9App.swift */,
				6DDBCA8229DBB5C900E03A27 /* ContentView.swift */,
				6DDBCA8429DBB5CA00E03A27 /* Assets.xcassets */,
				6DDBCA8629DBB5CA00E03A27 /* HW9.entitlements */,
				6DDBCAAB29DBBA2900E03A27 /* infoEnter.swift */,
				6DDBCA8729DBB5CA00E03A27 /* Preview Content */,
				6D3CDFDA29EC04F4003AAA2B /* Controller.swift */,
			);
			path = HW9;
			sourceTree = "<group>";
		};
		6DDBCA8729DBB5CA00E03A27 /* Preview Content */ = {
			isa = PBXGroup;
			children = (
				6DDBCA8829DBB5CA00E03A27 /* Preview Assets.xcassets */,
			);
			path = "Preview Content";
			sourceTree = "<group>";
		};
		6DDBCA9129DBB5CA00E03A27 /* HW9Tests */ = {
			isa = PBXGroup;
			children = (
				6DDBCA9229DBB5CA00E03A27 /* HW9Tests.swift */,
			);
			path = HW9Tests;
			sourceTree = "<group>";
		};
		6DDBCA9B29DBB5CA00E03A27 /* HW9UITests */ = {
			isa = PBXGroup;
			children = (
				6DDBCA9C29DBB5CA00E03A27 /* HW9UITests.swift */,
				6DDBCA9E29DBB5CA00E03A27 /* HW9UITestsLaunchTests.swift */,
			);
			path = HW9UITests;
			sourceTree = "<group>";
		};
/* End PBXGroup section */

/* Begin PBXNativeTarget section */
		6DDBCA7C29DBB5C900E03A27 /* HW9 */ = {
			isa = PBXNativeTarget;
			buildConfigurationList = 6DDBCAA229DBB5CA00E03A27 /* Build configuration list for PBXNativeTarget "HW9" */;
			buildPhases = (
				6DDBCA7929DBB5C900E03A27 /* Sources */,
				6DDBCA7A29DBB5C900E03A27 /* Frameworks */,
				6DDBCA7B29DBB5C900E03A27 /* Resources */,
			);
			buildRules = (
			);
			dependencies = (
			);
			name = HW9;
			productName = HW9;
			productReference = 6DDBCA7D29DBB5C900E03A27 /* HW9.app */;
			productType = "com.apple.product-type.application";
		};
		6DDBCA8D29DBB5CA00E03A27 /* HW9Tests */ = {
			isa = PBXNativeTarget;
			buildConfigurationList = 6DDBCAA529DBB5CA00E03A27 /* Build configuration list for PBXNativeTarget "HW9Tests" */;
			buildPhases = (
				6DDBCA8A29DBB5CA00E03A27 /* Sources */,
				6DDBCA8B29DBB5CA00E03A27 /* Frameworks */,
				6DDBCA8C29DBB5CA00E03A27 /* Resources */,
			);
			buildRules = (
			);
			dependencies = (
				6DDBCA9029DBB5CA00E03A27 /* PBXTargetDependency */,
			);
			name = HW9Tests;
			productName = HW9Tests;
			productReference = 6DDBCA8E29DBB5CA00E03A27 /* HW9Tests.xctest */;
			productType = "com.apple.product-type.bundle.unit-test";
		};
		6DDBCA9729DBB5CA00E03A27 /* HW9UITests */ = {
			isa = PBXNativeTarget;
			buildConfigurationList = 6DDBCAA829DBB5CA00E03A27 /* Build configuration list for PBXNativeTarget "HW9UITests" */;
			buildPhases = (
				6DDBCA9429DBB5CA00E03A27 /* Sources */,
				6DDBCA9529DBB5CA00E03A27 /* Frameworks */,
				6DDBCA9629DBB5CA00E03A27 /* Resources */,
			);
			buildRules = (
			);
			dependencies = (
				6DDBCA9A29DBB5CA00E03A27 /* PBXTargetDependency */,
			);
			name = HW9UITests;
			productName = HW9UITests;
			productReference = 6DDBCA9829DBB5CA00E03A27 /* HW9UITests.xctest */;
			productType = "com.apple.product-type.bundle.ui-testing";
		};
/* End PBXNativeTarget section */

/* Begin PBXProject section */
		6DDBCA7529DBB5C900E03A27 /* Project object */ = {
			isa = PBXProject;
			attributes = {
				BuildIndependentTargetsInParallel = 1;
				LastSwiftUpdateCheck = 1430;
				LastUpgradeCheck = 1430;
				TargetAttributes = {
					6DDBCA7C29DBB5C900E03A27 = {
						CreatedOnToolsVersion = 14.3;
					};
					6DDBCA8D29DBB5CA00E03A27 = {
						CreatedOnToolsVersion = 14.3;
						TestTargetID = 6DDBCA7C29DBB5C900E03A27;
					};
					6DDBCA9729DBB5CA00E03A27 = {
						CreatedOnToolsVersion = 14.3;
						TestTargetID = 6DDBCA7C29DBB5C900E03A27;
					};
				};
			};
			buildConfigurationList = 6DDBCA7829DBB5C900E03A27 /* Build configuration list for PBXProject "HW9" */;
			compatibilityVersion = "Xcode 14.0";
			developmentRegion = en;
			hasScannedForEncodings = 0;
			knownRegions = (
				en,
				Base,
			);
			mainGroup = 6DDBCA7429DBB5C900E03A27;
			productRefGroup = 6DDBCA7E29DBB5C900E03A27 /* Products */;
			projectDirPath = "";
			projectRoot = "";
			targets = (
				6DDBCA7C29DBB5C900E03A27 /* HW9 */,
				6DDBCA8D29DBB5CA00E03A27 /* HW9Tests */,
				6DDBCA9729DBB5CA00E03A27 /* HW9UITests */,
			);
		};
/* End PBXProject section */

/* Begin PBXResourcesBuildPhase section */
		6DDBCA7B29DBB5C900E03A27 /* Resources */ = {
			isa = PBXResourcesBuildPhase;
			buildActionMask = 2147483647;
			files = (
				6DDBCA8929DBB5CA00E03A27 /* Preview Assets.xcassets in Resources */,
				6DDBCA8529DBB5CA00E03A27 /* Assets.xcassets in Resources */,
			);
			runOnlyForDeploymentPostprocessing = 0;
		};
		6DDBCA8C29DBB5CA00E03A27 /* Resources */ = {
			isa = PBXResourcesBuildPhase;
			buildActionMask = 2147483647;
			files = (
			);
			runOnlyForDeploymentPostprocessing = 0;
		};
		6DDBCA9629DBB5CA00E03A27 /* Resources */ = {
			isa = PBXResourcesBuildPhase;
			buildActionMask = 2147483647;
			files = (
			);
			runOnlyForDeploymentPostprocessing = 0;
		};
/* End PBXResourcesBuildPhase section */

/* Begin PBXSourcesBuildPhase section */
		6DDBCA7929DBB5C900E03A27 /* Sources */ = {
			isa = PBXSourcesBuildPhase;
			buildActionMask = 2147483647;
			files = (
				6DDBCA8329DBB5C900E03A27 /* ContentView.swift in Sources */,
				6DDBCAAC29DBBA2900E03A27 /* infoEnter.swift in Sources */,
				6DDBCA8129DBB5C900E03A27 /* HW9App.swift in Sources */,
				6D3CDFDB29EC04F4003AAA2B /* Controller.swift in Sources */,
			);
			runOnlyForDeploymentPostprocessing = 0;
		};
		6DDBCA8A29DBB5CA00E03A27 /* Sources */ = {
			isa = PBXSourcesBuildPhase;
			buildActionMask = 2147483647;
			files = (
				6DDBCA9329DBB5CA00E03A27 /* HW9Tests.swift in Sources */,
			);
			runOnlyForDeploymentPostprocessing = 0;
		};
		6DDBCA9429DBB5CA00E03A27 /* Sources */ = {
			isa = PBXSourcesBuildPhase;
			buildActionMask = 2147483647;
			files = (
				6DDBCA9D29DBB5CA00E03A27 /* HW9UITests.swift in Sources */,
				6DDBCA9F29DBB5CA00E03A27 /* HW9UITestsLaunchTests.swift in Sources */,
			);
			runOnlyForDeploymentPostprocessing = 0;
		};
/* End PBXSourcesBuildPhase section */

/* Begin PBXTargetDependency section */
		6DDBCA9029DBB5CA00E03A27 /* PBXTargetDependency */ = {
			isa = PBXTargetDependency;
			target = 6DDBCA7C29DBB5C900E03A27 /* HW9 */;
			targetProxy = 6DDBCA8F29DBB5CA00E03A27 /* PBXContainerItemProxy */;
		};
		6DDBCA9A29DBB5CA00E03A27 /* PBXTargetDependency */ = {
			isa = PBXTargetDependency;
			target = 6DDBCA7C29DBB5C900E03A27 /* HW9 */;
			targetProxy = 6DDBCA9929DBB5CA00E03A27 /* PBXContainerItemProxy */;
		};
/* End PBXTargetDependency section */

/* Begin XCBuildConfiguration section */
		6DDBCAA029DBB5CA00E03A27 /* Debug */ = {
			isa = XCBuildConfiguration;
			buildSettings = {
				ALWAYS_SEARCH_USER_PATHS = NO;
				CLANG_ANALYZER_NONNULL = YES;
				CLANG_ANALYZER_NUMBER_OBJECT_CONVERSION = YES_AGGRESSIVE;
				CLANG_CXX_LANGUAGE_STANDARD = "gnu++20";
				CLANG_ENABLE_MODULES = YES;
				CLANG_ENABLE_OBJC_ARC = YES;
				CLANG_ENABLE_OBJC_WEAK = YES;
				CLANG_WARN_BLOCK_CAPTURE_AUTORELEASING = YES;
				CLANG_WARN_BOOL_CONVERSION = YES;
				CLANG_WARN_COMMA = YES;
				CLANG_WARN_CONSTANT_CONVERSION = YES;
				CLANG_WARN_DEPRECATED_OBJC_IMPLEMENTATIONS = YES;
				CLANG_WARN_DIRECT_OBJC_ISA_USAGE = YES_ERROR;
				CLANG_WARN_DOCUMENTATION_COMMENTS = YES;
				CLANG_WARN_EMPTY_BODY = YES;
				CLANG_WARN_ENUM_CONVERSION = YES;
				CLANG_WARN_INFINITE_RECURSION = YES;
				CLANG_WARN_INT_CONVERSION = YES;
				CLANG_WARN_NON_LITERAL_NULL_CONVERSION = YES;
				CLANG_WARN_OBJC_IMPLICIT_RETAIN_SELF = YES;
				CLANG_WARN_OBJC_LITERAL_CONVERSION = YES;
				CLANG_WARN_OBJC_ROOT_CLASS = YES_ERROR;
				CLANG_WARN_QUOTED_INCLUDE_IN_FRAMEWORK_HEADER = YES;
				CLANG_WARN_RANGE_LOOP_ANALYSIS = YES;
				CLANG_WARN_STRICT_PROTOTYPES = YES;
				CLANG_WARN_SUSPICIOUS_MOVE = YES;
				CLANG_WARN_UNGUARDED_AVAILABILITY = YES_AGGRESSIVE;
				CLANG_WARN_UNREACHABLE_CODE = YES;
				CLANG_WARN__DUPLICATE_METHOD_MATCH = YES;
				COPY_PHASE_STRIP = NO;
				DEBUG_INFORMATION_FORMAT = dwarf;
				ENABLE_STRICT_OBJC_MSGSEND = YES;
				ENABLE_TESTABILITY = YES;
				GCC_C_LANGUAGE_STANDARD = gnu11;
				GCC_DYNAMIC_NO_PIC = NO;
				GCC_NO_COMMON_BLOCKS = YES;
				GCC_OPTIMIZATION_LEVEL = 0;
				GCC_PREPROCESSOR_DEFINITIONS = (
					"DEBUG=1",
					"$(inherited)",
				);
				GCC_WARN_64_TO_32_BIT_CONVERSION = YES;
				GCC_WARN_ABOUT_RETURN_TYPE = YES_ERROR;
				GCC_WARN_UNDECLARED_SELECTOR = YES;
				GCC_WARN_UNINITIALIZED_AUTOS = YES_AGGRESSIVE;
				GCC_WARN_UNUSED_FUNCTION = YES;
				GCC_WARN_UNUSED_VARIABLE = YES;
				MTL_ENABLE_DEBUG_INFO = INCLUDE_SOURCE;
				MTL_FAST_MATH = YES;
				ONLY_ACTIVE_ARCH = YES;
				SWIFT_ACTIVE_COMPILATION_CONDITIONS = DEBUG;
				SWIFT_OPTIMIZATION_LEVEL = "-Onone";
			};
			name = Debug;
		};
		6DDBCAA129DBB5CA00E03A27 /* Release */ = {
			isa = XCBuildConfiguration;
			buildSettings = {
				ALWAYS_SEARCH_USER_PATHS = NO;
				CLANG_ANALYZER_NONNULL = YES;
				CLANG_ANALYZER_NUMBER_OBJECT_CONVERSION = YES_AGGRESSIVE;
				CLANG_CXX_LANGUAGE_STANDARD = "gnu++20";
				CLANG_ENABLE_MODULES = YES;
				CLANG_ENABLE_OBJC_ARC = YES;
				CLANG_ENABLE_OBJC_WEAK = YES;
				CLANG_WARN_BLOCK_CAPTURE_AUTORELEASING = YES;
				CLANG_WARN_BOOL_CONVERSION = YES;
				CLANG_WARN_COMMA = YES;
				CLANG_WARN_CONSTANT_CONVERSION = YES;
				CLANG_WARN_DEPRECATED_OBJC_IMPLEMENTATIONS = YES;
				CLANG_WARN_DIRECT_OBJC_ISA_USAGE = YES_ERROR;
				CLANG_WARN_DOCUMENTATION_COMMENTS = YES;
				CLANG_WARN_EMPTY_BODY = YES;
				CLANG_WARN_ENUM_CONVERSION = YES;
				CLANG_WARN_INFINITE_RECURSION = YES;
				CLANG_WARN_INT_CONVERSION = YES;
				CLANG_WARN_NON_LITERAL_NULL_CONVERSION = YES;
				CLANG_WARN_OBJC_IMPLICIT_RETAIN_SELF = YES;
				CLANG_WARN_OBJC_LITERAL_CONVERSION = YES;
				CLANG_WARN_OBJC_ROOT_CLASS = YES_ERROR;
				CLANG_WARN_QUOTED_INCLUDE_IN_FRAMEWORK_HEADER = YES;
				CLANG_WARN_RANGE_LOOP_ANALYSIS = YES;
				CLANG_WARN_STRICT_PROTOTYPES = YES;
				CLANG_WARN_SUSPICIOUS_MOVE = YES;
				CLANG_WARN_UNGUARDED_AVAILABILITY = YES_AGGRESSIVE;
				CLANG_WARN_UNREACHABLE_CODE = YES;
				CLANG_WARN__DUPLICATE_METHOD_MATCH = YES;
				COPY_PHASE_STRIP = NO;
				DEBUG_INFORMATION_FORMAT = "dwarf-with-dsym";
				ENABLE_NS_ASSERTIONS = NO;
				ENABLE_STRICT_OBJC_MSGSEND = YES;
				GCC_C_LANGUAGE_STANDARD = gnu11;
				GCC_NO_COMMON_BLOCKS = YES;
				GCC_WARN_64_TO_32_BIT_CONVERSION = YES;
				GCC_WARN_ABOUT_RETURN_TYPE = YES_ERROR;
				GCC_WARN_UNDECLARED_SELECTOR = YES;
				GCC_WARN_UNINITIALIZED_AUTOS = YES_AGGRESSIVE;
				GCC_WARN_UNUSED_FUNCTION = YES;
				GCC_WARN_UNUSED_VARIABLE = YES;
				MTL_ENABLE_DEBUG_INFO = NO;
				MTL_FAST_MATH = YES;
				SWIFT_COMPILATION_MODE = wholemodule;
				SWIFT_OPTIMIZATION_LEVEL = "-O";
			};
			name = Release;
		};
		6DDBCAA329DBB5CA00E03A27 /* Debug */ = {
			isa = XCBuildConfiguration;
			buildSettings = {
				ASSETCATALOG_COMPILER_APPICON_NAME = AppIcon;
				ASSETCATALOG_COMPILER_GLOBAL_ACCENT_COLOR_NAME = AccentColor;
				CODE_SIGN_ENTITLEMENTS = HW9/HW9.entitlements;
				CODE_SIGN_STYLE = Automatic;
				CURRENT_PROJECT_VERSION = 1;
				DEVELOPMENT_ASSET_PATHS = "\"HW9/Preview Content\"";
				DEVELOPMENT_TEAM = 2V92VU5FY5;
				ENABLE_HARDENED_RUNTIME = YES;
				ENABLE_PREVIEWS = YES;
				GENERATE_INFOPLIST_FILE = YES;
				INFOPLIST_FILE = HW9/Info.plist;
				"INFOPLIST_KEY_UIApplicationSceneManifest_Generation[sdk=iphoneos*]" = YES;
				"INFOPLIST_KEY_UIApplicationSceneManifest_Generation[sdk=iphonesimulator*]" = YES;
				"INFOPLIST_KEY_UIApplicationSupportsIndirectInputEvents[sdk=iphoneos*]" = YES;
				"INFOPLIST_KEY_UIApplicationSupportsIndirectInputEvents[sdk=iphonesimulator*]" = YES;
				"INFOPLIST_KEY_UILaunchScreen_Generation[sdk=iphoneos*]" = YES;
				"INFOPLIST_KEY_UILaunchScreen_Generation[sdk=iphonesimulator*]" = YES;
				"INFOPLIST_KEY_UIStatusBarStyle[sdk=iphoneos*]" = UIStatusBarStyleDefault;
				"INFOPLIST_KEY_UIStatusBarStyle[sdk=iphonesimulator*]" = UIStatusBarStyleDefault;
				INFOPLIST_KEY_UISupportedInterfaceOrientations_iPad = "UIInterfaceOrientationPortrait UIInterfaceOrientationPortraitUpsideDown UIInterfaceOrientationLandscapeLeft UIInterfaceOrientationLandscapeRight";
				INFOPLIST_KEY_UISupportedInterfaceOrientations_iPhone = "UIInterfaceOrientationPortrait UIInterfaceOrientationLandscapeLeft UIInterfaceOrientationLandscapeRight";
				IPHONEOS_DEPLOYMENT_TARGET = 16.3;
				LD_RUNPATH_SEARCH_PATHS = "@executable_path/Frameworks";
				"LD_RUNPATH_SEARCH_PATHS[sdk=macosx*]" = "@executable_path/../Frameworks";
				MACOSX_DEPLOYMENT_TARGET = 13.2;
				MARKETING_VERSION = 1.0;
				PRODUCT_BUNDLE_IDENTIFIER = the571HW.HW9;
				PRODUCT_NAME = "$(TARGET_NAME)";
				SDKROOT = auto;
				SUPPORTED_PLATFORMS = "iphoneos iphonesimulator macosx";
				SWIFT_EMIT_LOC_STRINGS = YES;
				SWIFT_VERSION = 5.0;
				TARGETED_DEVICE_FAMILY = "1,2";
			};
			name = Debug;
		};
		6DDBCAA429DBB5CA00E03A27 /* Release */ = {
			isa = XCBuildConfiguration;
			buildSettings = {
				ASSETCATALOG_COMPILER_APPICON_NAME = AppIcon;
				ASSETCATALOG_COMPILER_GLOBAL_ACCENT_COLOR_NAME = AccentColor;
				CODE_SIGN_ENTITLEMENTS = HW9/HW9.entitlements;
				CODE_SIGN_STYLE = Automatic;
				CURRENT_PROJECT_VERSION = 1;
				DEVELOPMENT_ASSET_PATHS = "\"HW9/Preview Content\"";
				DEVELOPMENT_TEAM = 2V92VU5FY5;
				ENABLE_HARDENED_RUNTIME = YES;
				ENABLE_PREVIEWS = YES;
				GENERATE_INFOPLIST_FILE = YES;
				INFOPLIST_FILE = HW9/Info.plist;
				"INFOPLIST_KEY_UIApplicationSceneManifest_Generation[sdk=iphoneos*]" = YES;
				"INFOPLIST_KEY_UIApplicationSceneManifest_Generation[sdk=iphonesimulator*]" = YES;
				"INFOPLIST_KEY_UIApplicationSupportsIndirectInputEvents[sdk=iphoneos*]" = YES;
				"INFOPLIST_KEY_UIApplicationSupportsIndirectInputEvents[sdk=iphonesimulator*]" = YES;
				"INFOPLIST_KEY_UILaunchScreen_Generation[sdk=iphoneos*]" = YES;
				"INFOPLIST_KEY_UILaunchScreen_Generation[sdk=iphonesimulator*]" = YES;
				"INFOPLIST_KEY_UIStatusBarStyle[sdk=iphoneos*]" = UIStatusBarStyleDefault;
				"INFOPLIST_KEY_UIStatusBarStyle[sdk=iphonesimulator*]" = UIStatusBarStyleDefault;
				INFOPLIST_KEY_UISupportedInterfaceOrientations_iPad = "UIInterfaceOrientationPortrait UIInterfaceOrientationPortraitUpsideDown UIInterfaceOrientationLandscapeLeft UIInterfaceOrientationLandscapeRight";
				INFOPLIST_KEY_UISupportedInterfaceOrientations_iPhone = "UIInterfaceOrientationPortrait UIInterfaceOrientationLandscapeLeft UIInterfaceOrientationLandscapeRight";
				IPHONEOS_DEPLOYMENT_TARGET = 16.3;
				LD_RUNPATH_SEARCH_PATHS = "@executable_path/Frameworks";
				"LD_RUNPATH_SEARCH_PATHS[sdk=macosx*]" = "@executable_path/../Frameworks";
				MACOSX_DEPLOYMENT_TARGET = 13.2;
				MARKETING_VERSION = 1.0;
				PRODUCT_BUNDLE_IDENTIFIER = the571HW.HW9;
				PRODUCT_NAME = "$(TARGET_NAME)";
				SDKROOT = auto;
				SUPPORTED_PLATFORMS = "iphoneos iphonesimulator macosx";
				SWIFT_EMIT_LOC_STRINGS = YES;
				SWIFT_VERSION = 5.0;
				TARGETED_DEVICE_FAMILY = "1,2";
			};
			name = Release;
		};
		6DDBCAA629DBB5CA00E03A27 /* Debug */ = {
			isa = XCBuildConfiguration;
			buildSettings = {
				ALWAYS_EMBED_SWIFT_STANDARD_LIBRARIES = YES;
				BUNDLE_LOADER = "$(TEST_HOST)";
				CODE_SIGN_STYLE = Automatic;
				CURRENT_PROJECT_VERSION = 1;
				DEVELOPMENT_TEAM = 2V92VU5FY5;
				GENERATE_INFOPLIST_FILE = YES;
				IPHONEOS_DEPLOYMENT_TARGET = 16.4;
				MACOSX_DEPLOYMENT_TARGET = 13.2;
				MARKETING_VERSION = 1.0;
				PRODUCT_BUNDLE_IDENTIFIER = the571HW.HW9Tests;
				PRODUCT_NAME = "$(TARGET_NAME)";
				SDKROOT = auto;
				SUPPORTED_PLATFORMS = "iphoneos iphonesimulator macosx";
				SWIFT_EMIT_LOC_STRINGS = NO;
				SWIFT_VERSION = 5.0;
				TARGETED_DEVICE_FAMILY = "1,2";
				TEST_HOST = "$(BUILT_PRODUCTS_DIR)/HW9.app/$(BUNDLE_EXECUTABLE_FOLDER_PATH)/HW9";
			};
			name = Debug;
		};
		6DDBCAA729DBB5CA00E03A27 /* Release */ = {
			isa = XCBuildConfiguration;
			buildSettings = {
				ALWAYS_EMBED_SWIFT_STANDARD_LIBRARIES = YES;
				BUNDLE_LOADER = "$(TEST_HOST)";
				CODE_SIGN_STYLE = Automatic;
				CURRENT_PROJECT_VERSION = 1;
				DEVELOPMENT_TEAM = 2V92VU5FY5;
				GENERATE_INFOPLIST_FILE = YES;
				IPHONEOS_DEPLOYMENT_TARGET = 16.4;
				MACOSX_DEPLOYMENT_TARGET = 13.2;
				MARKETING_VERSION = 1.0;
				PRODUCT_BUNDLE_IDENTIFIER = the571HW.HW9Tests;
				PRODUCT_NAME = "$(TARGET_NAME)";
				SDKROOT = auto;
				SUPPORTED_PLATFORMS = "iphoneos iphonesimulator macosx";
				SWIFT_EMIT_LOC_STRINGS = NO;
				SWIFT_VERSION = 5.0;
				TARGETED_DEVICE_FAMILY = "1,2";
				TEST_HOST = "$(BUILT_PRODUCTS_DIR)/HW9.app/$(BUNDLE_EXECUTABLE_FOLDER_PATH)/HW9";
			};
			name = Release;
		};
		6DDBCAA929DBB5CA00E03A27 /* Debug */ = {
			isa = XCBuildConfiguration;
			buildSettings = {
				ALWAYS_EMBED_SWIFT_STANDARD_LIBRARIES = YES;
				CODE_SIGN_STYLE = Automatic;
				CURRENT_PROJECT_VERSION = 1;
				DEVELOPMENT_TEAM = 2V92VU5FY5;
				GENERATE_INFOPLIST_FILE = YES;
				IPHONEOS_DEPLOYMENT_TARGET = 16.4;
				MACOSX_DEPLOYMENT_TARGET = 13.2;
				MARKETING_VERSION = 1.0;
				PRODUCT_BUNDLE_IDENTIFIER = the571HW.HW9UITests;
				PRODUCT_NAME = "$(TARGET_NAME)";
				SDKROOT = auto;
				SUPPORTED_PLATFORMS = "iphoneos iphonesimulator macosx";
				SWIFT_EMIT_LOC_STRINGS = NO;
				SWIFT_VERSION = 5.0;
				TARGETED_DEVICE_FAMILY = "1,2";
				TEST_TARGET_NAME = HW9;
			};
			name = Debug;
		};
		6DDBCAAA29DBB5CA00E03A27 /* Release */ = {
			isa = XCBuildConfiguration;
			buildSettings = {
				ALWAYS_EMBED_SWIFT_STANDARD_LIBRARIES = YES;
				CODE_SIGN_STYLE = Automatic;
				CURRENT_PROJECT_VERSION = 1;
				DEVELOPMENT_TEAM = 2V92VU5FY5;
				GENERATE_INFOPLIST_FILE = YES;
				IPHONEOS_DEPLOYMENT_TARGET = 16.4;
				MACOSX_DEPLOYMENT_TARGET = 13.2;
				MARKETING_VERSION = 1.0;
				PRODUCT_BUNDLE_IDENTIFIER = the571HW.HW9UITests;
				PRODUCT_NAME = "$(TARGET_NAME)";
				SDKROOT = auto;
				SUPPORTED_PLATFORMS = "iphoneos iphonesimulator macosx";
				SWIFT_EMIT_LOC_STRINGS = NO;
				SWIFT_VERSION = 5.0;
				TARGETED_DEVICE_FAMILY = "1,2";
				TEST_TARGET_NAME = HW9;
			};
			name = Release;
		};
/* End XCBuildConfiguration section */

/* Begin XCConfigurationList section */
		6DDBCA7829DBB5C900E03A27 /* Build configuration list for PBXProject "HW9" */ = {
			isa = XCConfigurationList;
			buildConfigurations = (
				6DDBCAA029DBB5CA00E03A27 /* Debug */,
				6DDBCAA129DBB5CA00E03A27 /* Release */,
			);
			defaultConfigurationIsVisible = 0;
			defaultConfigurationName = Release;
		};
		6DDBCAA229DBB5CA00E03A27 /* Build configuration list for PBXNativeTarget "HW9" */ = {
			isa = XCConfigurationList;
			buildConfigurations = (
				6DDBCAA329DBB5CA00E03A27 /* Debug */,
				6DDBCAA429DBB5CA00E03A27 /* Release */,
			);
			defaultConfigurationIsVisible = 0;
			defaultConfigurationName = Release;
		};
		6DDBCAA529DBB5CA00E03A27 /* Build configuration list for PBXNativeTarget "HW9Tests" */ = {
			isa = XCConfigurationList;
			buildConfigurations = (
				6DDBCAA629DBB5CA00E03A27 /* Debug */,
				6DDBCAA729DBB5CA00E03A27 /* Release */,
			);
			defaultConfigurationIsVisible = 0;
			defaultConfigurationName = Release;
		};
		6DDBCAA829DBB5CA00E03A27 /* Build configuration list for PBXNativeTarget "HW9UITests" */ = {
			isa = XCConfigurationList;
			buildConfigurations = (
				6DDBCAA929DBB5CA00E03A27 /* Debug */,
				6DDBCAAA29DBB5CA00E03A27 /* Release */,
			);
			defaultConfigurationIsVisible = 0;
			defaultConfigurationName = Release;
		};
/* End XCConfigurationList section */
	};
	rootObject = 6DDBCA7529DBB5C900E03A27 /* Project object */;
}
